<?xml version="1.0" encoding="utf-8"?>
<Project xmlns="http://schemas.microsoft.com/developer/msbuild/2003" ToolsVersion="4.0">
  <ItemGroup>
    <Filter Include="Header Files">
      <UniqueIdentifier>{4D1BFFCC-9CEB-4ABF-A951-582870FE71FD}</UniqueIdentifier>
      <Extensions>h;hpp;hxx;hm;inl;inc;xsd</Extensions>
    </Filter>
    <Filter Include="Header Files\TouchGFX">
      <UniqueIdentifier>{29C60541-803D-4F43-8683-028D9DA5E0CB}</UniqueIdentifier>
    </Filter>
    <Filter Include="Header Files\TouchGFX\common">
      <UniqueIdentifier>{AF2BF67C-89EC-4545-B0D2-5BD6803628D4}</UniqueIdentifier>
    </Filter>
    <Filter Include="Header Files\TouchGFX\mvp">
      <UniqueIdentifier>{A8F51E02-A400-49F1-AC86-371872A7E5E6}</UniqueIdentifier>
    </Filter>
    <Filter Include="Header Files\TouchGFX\platform">
      <UniqueIdentifier>{493CF637-721C-4516-8638-3EE4790FB455}</UniqueIdentifier>
    </Filter>
    <Filter Include="Header Files\TouchGFX\touchgfx">
      <UniqueIdentifier>{7187028B-6482-4EB3-8556-EECD38E0636B}</UniqueIdentifier>
    </Filter>
    <Filter Include="Header Files\TouchGFX\platform\driver">
      <UniqueIdentifier>{D2E6B448-6B79-434F-A8EB-C8F8415957E9}</UniqueIdentifier>
    </Filter>
    <Filter Include="Header Files\TouchGFX\platform\hal">
      <UniqueIdentifier>{07737357-9365-4A8F-B2F6-908B5FC4E808}</UniqueIdentifier>
    </Filter>
    <Filter Include="Header Files\TouchGFX\touchgfx\canvas_widget_renderer">
      <UniqueIdentifier>{085B248B-6BE1-4BF8-9913-35526BAEE4C7}</UniqueIdentifier>
    </Filter>
    <Filter Include="Header Files\TouchGFX\touchgfx\containers">
      <UniqueIdentifier>{E08C6B18-2F0E-4861-87D5-80FB0411017E}</UniqueIdentifier>
    </Filter>
    <Filter Include="Header Files\TouchGFX\touchgfx\events">
      <UniqueIdentifier>{29D72404-E5CB-472C-B00F-3784DF3CCD1E}</UniqueIdentifier>
    </Filter>
    <Filter Include="Header Files\TouchGFX\touchgfx\hal">
      <UniqueIdentifier>{09561B72-532B-45EB-8E32-CAA31C349F83}</UniqueIdentifier>
    </Filter>
    <Filter Include="Header Files\TouchGFX\touchgfx\lcd">
      <UniqueIdentifier>{A89B6308-CBC1-48EC-BF14-B3C6106FACCE}</UniqueIdentifier>
    </Filter>
    <Filter Include="Header Files\TouchGFX\touchgfx\mixins">
      <UniqueIdentifier>{DB82A963-BE52-4494-BD5E-358C5E79C081}</UniqueIdentifier>
    </Filter>
    <Filter Include="Header Files\TouchGFX\touchgfx\transforms">
      <UniqueIdentifier>{509E01BB-FBF4-4198-B748-936C1B67839A}</UniqueIdentifier>
    </Filter>
    <Filter Include="Header Files\TouchGFX\touchgfx\transitions">
      <UniqueIdentifier>{3F023E56-225A-4D4C-9D20-74447A23BAD9}</UniqueIdentifier>
    </Filter>
    <Filter Include="Header Files\TouchGFX\touchgfx\widgets">
      <UniqueIdentifier>{0E9A8FD3-B71B-46B9-B1F6-3A18292FFAC4}</UniqueIdentifier>
    </Filter>
    <Filter Include="Header Files\TouchGFX\platform\driver\lcd">
      <UniqueIdentifier>{9B32A742-EBA9-4EBA-832E-0421D7E68BC5}</UniqueIdentifier>
    </Filter>
    <Filter Include="Header Files\TouchGFX\platform\driver\touch">
      <UniqueIdentifier>{8C31441B-2191-4B32-869D-7B253AECB28F}</UniqueIdentifier>
    </Filter>
    <Filter Include="Header Files\TouchGFX\platform\hal\simulator">
      <UniqueIdentifier>{464CC9FB-AFF6-4FFA-B4D8-BCAC4B2B8898}</UniqueIdentifier>
    </Filter>
    <Filter Include="Header Files\TouchGFX\touchgfx\containers\clock">
      <UniqueIdentifier>{B7237C13-DD69-4F78-8446-9A554431E3F8}</UniqueIdentifier>
    </Filter>
    <Filter Include="Header Files\TouchGFX\touchgfx\containers\progress_indicators">
      <UniqueIdentifier>{5E0E884F-0059-4306-94BA-3197219750E3}</UniqueIdentifier>
    </Filter>
    <Filter Include="Header Files\TouchGFX\touchgfx\widgets\canvas">
      <UniqueIdentifier>{DBFF640A-BD63-40BC-A0A5-2468BC461037}</UniqueIdentifier>
    </Filter>
    <Filter Include="Header Files\TouchGFX\platform\hal\simulator\sdl2">
      <UniqueIdentifier>{EA3962C0-553C-4CFD-A89B-A116A9493818}</UniqueIdentifier>
    </Filter>
    <Filter Include="Header Files\generated">
      <UniqueIdentifier>{29C60541-803D-4F44-8783-028D9DA5E0CC}</UniqueIdentifier>
    </Filter>
    <Filter Include="Header Files\generated\simulator">
      <UniqueIdentifier>{29C60541-803D-4F43-8683-028D9DA5E0CC}</UniqueIdentifier>
    </Filter>
    <Filter Include="Resource Files">
      <UniqueIdentifier>{92BBFF14-FBDB-4755-BA47-A830D863D92B}</UniqueIdentifier>
      <Extensions>rc;ico;cur;bmp;dlg;rc2;rct;bin;rgs;gif;jpg;jpeg;jpe;resx;tiff;tif;ttf;otf;bdf;png;wav;xml;props;mfcribbon-ms</Extensions>
    </Filter>
    <Filter Include="Resource Files\assets">
      <UniqueIdentifier>{AF899B0F-78BE-47F9-A912-E92CB9156E40}</UniqueIdentifier>
    </Filter>
    <Filter Include="Resource Files\config">
      <UniqueIdentifier>{29E8A9F8-6504-4625-AB47-671A3F665E51}</UniqueIdentifier>
    </Filter>
    <Filter Include="Resource Files\assets\texts">
      <UniqueIdentifier>{382278FD-2B19-4E89-AE4F-24AF77E7A270}</UniqueIdentifier>
    </Filter>
    <Filter Include="Resource Files\config\msvs">
      <UniqueIdentifier>{C24EAEDB-9A3F-43DC-87FB-C7AC2729A078}</UniqueIdentifier>
    </Filter>
    <Filter Include="Source Files">
      <UniqueIdentifier>{2F3FC0AA-97C4-4366-9939-94A0FF4E028C}</UniqueIdentifier>
      <Extensions>cpp;c;cc;cxx;def;odl;idl;hpj;bat;asm;asmx</Extensions>
    </Filter>
    <Filter Include="Source Files\TouchGFX">
      <UniqueIdentifier>{C07B02A9-A55E-47AA-AD61-59A6AAD754E6}</UniqueIdentifier>
    </Filter>
    <Filter Include="Source Files\TouchGFX\platform">
      <UniqueIdentifier>{33EDC2DB-AF72-480C-92E5-2A2833BCAB6F}</UniqueIdentifier>
    </Filter>
    <Filter Include="Source Files\TouchGFX\platform\driver">
      <UniqueIdentifier>{1D8EFD90-430A-4539-9080-16A38861D20A}</UniqueIdentifier>
    </Filter>
    <Filter Include="Source Files\TouchGFX\platform\hal">
      <UniqueIdentifier>{E8DECBF2-0C8E-4397-8603-3101D6F922D6}</UniqueIdentifier>
    </Filter>
    <Filter Include="Source Files\TouchGFX\platform\driver\touch">
      <UniqueIdentifier>{40F0D55D-79D9-488A-AF83-ADC96179EADF}</UniqueIdentifier>
    </Filter>
    <Filter Include="Source Files\TouchGFX\platform\hal\simulator">
      <UniqueIdentifier>{3FB50DD5-31DA-4042-B7FD-2151C58CDA80}</UniqueIdentifier>
    </Filter>
    <Filter Include="Source Files\TouchGFX\platform\hal\simulator\sdl2">
      <UniqueIdentifier>{B48CB42B-0F9E-4815-BFE1-1ACC1150ED8A}</UniqueIdentifier>
    </Filter>
    <Filter Include="Source Files\simulator">
      <UniqueIdentifier>{C07B03A9-A55E-47AA-AD61-59A6AAD754E6}</UniqueIdentifier>
    </Filter>
    <Filter Include="Source Files\generated">
      <UniqueIdentifier>{C07B02B9-A55E-47AB-AD61-59A6AAD754E6}</UniqueIdentifier>
    </Filter>
    <Filter Include="Source Files\generated\simulator">
      <UniqueIdentifier>{C07B02B9-A55E-47AA-AD61-59A6AAD754E6}</UniqueIdentifier>
    </Filter>
    <Filter Include="Header Files\gui">
      <UniqueIdentifier>873E00D9-934C-4D90-07E6-6F6E6556D09B</UniqueIdentifier>
    </Filter>
    <Filter Include="Source Files\gui">
      <UniqueIdentifier>CFA7C0E9-37A6-1CBD-F9C8-EAE63853F6DC</UniqueIdentifier>
    </Filter>
    <Filter Include="Header Files\gui\model">
      <UniqueIdentifier>7E10B108-28EB-9748-D8BB-A71FB69D77A3</UniqueIdentifier>
    </Filter>
    <Filter Include="Source Files\gui\model">
      <UniqueIdentifier>80E7A54A-322A-C1A9-26BE-0F153C5A1031</UniqueIdentifier>
    </Filter>
    <Filter Include="Header Files\generated\gui_generated">
      <UniqueIdentifier>354435FA-DF5D-FF46-C158-E5CDA3CCED0C</UniqueIdentifier>
    </Filter>
    <Filter Include="Header Files\gui\common">
      <UniqueIdentifier>9123D420-2DAE-364C-FD29-56F9452E0118</UniqueIdentifier>
    </Filter>
    <Filter Include="Source Files\generated\gui_generated">
      <UniqueIdentifier>82D8372C-D1FA-75DA-FC24-3134BB22836B</UniqueIdentifier>
    </Filter>
    <Filter Include="Source Files\gui\common">
      <UniqueIdentifier>9FD9D12F-6036-F992-7EE4-D30F7A5D22F9</UniqueIdentifier>
    </Filter>
    <Filter Include="Header Files\generated\simulator\include">
      <UniqueIdentifier>C3301A39-5462-0BFF-5FB7-C9525D074FA9</UniqueIdentifier>
    </Filter>
    <Filter Include="Header Files\generated\gui_generated\common">
      <UniqueIdentifier>70D6CAB2-5414-42CA-7818-A7F259E5B21E</UniqueIdentifier>
    </Filter>
    <Filter Include="Source Files\generated\gui_generated\common">
      <UniqueIdentifier>92A952F5-5A44-7735-E620-2BFC3595A61C</UniqueIdentifier>
    </Filter>
    <Filter Include="Source Files\generated\simulator\video">
      <UniqueIdentifier>8DE2C10A-BBC5-1BFF-FA70-EFC30778CC0D</UniqueIdentifier>
    </Filter>
    <Filter Include="Header Files\generated\simulator\include\simulator">
      <UniqueIdentifier>91913509-8FD2-4948-B61F-E038F191E91D</UniqueIdentifier>
    </Filter>
    <Filter Include="Header Files\generated\simulator\include\simulator\video">
      <UniqueIdentifier>6F728146-1DB2-17F1-D160-4DFEE6BB3022</UniqueIdentifier>
    </Filter>
    <Filter Include="Header Files\gui\containers">
      <UniqueIdentifier>C721FE90-73BF-44F1-FDA0-1B83D3657E44</UniqueIdentifier>
    </Filter>
    <Filter Include="Source Files\gui\containers">
      <UniqueIdentifier>21F063C7-5331-66BC-412D-13F93242B161</UniqueIdentifier>
    </Filter>
    <Filter Include="Source Files\gui\settingscreen_screen">
      <UniqueIdentifier>DCB20842-0B06-EE62-54BC-0690EB1CC8BF</UniqueIdentifier>
    </Filter>
    <Filter Include="Header Files\gui\settingscreen_screen">
      <UniqueIdentifier>60D399B1-8EC3-E2ED-ABFA-1DFDFD45816E</UniqueIdentifier>
    </Filter>
    <Filter Include="Source Files\gui\charging_screen_screen">
      <UniqueIdentifier>682235B2-6FF6-E8F9-6418-D02F12508A72</UniqueIdentifier>
    </Filter>
    <Filter Include="Header Files\gui\screensetting_screen">
      <UniqueIdentifier>3E9F1618-A886-683C-819E-EF374CD82754</UniqueIdentifier>
    </Filter>
    <Filter Include="Source Files\gui\screensetting_screen">
      <UniqueIdentifier>9F3718DE-B3AA-22A8-AF6D-AB52C8F4DDDA</UniqueIdentifier>
    </Filter>
    <Filter Include="Source Files\gui\sleepscreen_screen">
      <UniqueIdentifier>4E770086-46B5-6AF4-40A0-C325F53B9B18</UniqueIdentifier>
    </Filter>
    <Filter Include="Header Files\gui\sleepscreen_screen">
      <UniqueIdentifier>8B042B97-84B1-AF0B-32F6-8E3DFCB58F6D</UniqueIdentifier>
    </Filter>
    <Filter Include="Source Files\gui\heartratedetail_screen">
      <UniqueIdentifier>F7174789-0235-DE24-0C48-DC9711B3D02B</UniqueIdentifier>
    </Filter>
    <Filter Include="Header Files\gui\informationsetting_screen">
      <UniqueIdentifier>9FC3E333-981B-581C-7AB7-90A54859409E</UniqueIdentifier>
    </Filter>
    <Filter Include="Header Files\gui\flashlight_screen_screen">
      <UniqueIdentifier>96ECFB57-AB96-CB5E-EF30-834F6A8446A1</UniqueIdentifier>
    </Filter>
    <Filter Include="Header Files\gui\heartratedetail_screen">
      <UniqueIdentifier>2AA7732F-8E06-49A6-FEAB-95694D1E208C</UniqueIdentifier>
    </Filter>
    <Filter Include="Source Files\gui\flashlight_screen_screen">
      <UniqueIdentifier>8C0FE959-6923-24C4-9A52-BF5ABBF3DBD1</UniqueIdentifier>
    </Filter>
    <Filter Include="Header Files\gui\screenontimesetting_screen">
      <UniqueIdentifier>E2524227-1CA0-26C5-E361-FFE7F3F8FCE0</UniqueIdentifier>
    </Filter>
    <Filter Include="Source Files\gui\screenontimesetting_screen">
      <UniqueIdentifier>9EE024D7-126D-E3E8-B570-98BD8EF35F65</UniqueIdentifier>
    </Filter>
    <Filter Include="Header Files\gui\charging_screen_screen">
      <UniqueIdentifier>533B8B48-A427-E7D7-5F9B-7E7220952D82</UniqueIdentifier>
    </Filter>
    <Filter Include="Header Files\gui\temphome_screen">
      <UniqueIdentifier>A05AF25D-0233-0CD4-21A4-D69E11DB97FF</UniqueIdentifier>
    </Filter>
    <Filter Include="Source Files\gui\sos_alert_screen">
      <UniqueIdentifier>D8F658A4-AB33-C62B-0160-07B8F77C139F</UniqueIdentifier>
    </Filter>
    <Filter Include="Header Files\gui\sos_alert_screen">
      <UniqueIdentifier>8971B5EE-59E2-F8D0-E9FC-BD842128E801</UniqueIdentifier>
    </Filter>
    <Filter Include="Source Files\gui\temphome_screen">
      <UniqueIdentifier>BAB226FD-AC3E-97E5-51F4-E5B45834FB30</UniqueIdentifier>
    </Filter>
    <Filter Include="Header Files\gui\screenbrightnesssetting_screen">
      <UniqueIdentifier>1D0428E7-632A-D3CB-236D-4D200679D37D</UniqueIdentifier>
    </Filter>
    <Filter Include="Source Files\gui\screenbrightnesssetting_screen">
      <UniqueIdentifier>16AC79C3-C339-6862-6065-C1631A65043E</UniqueIdentifier>
    </Filter>
    <Filter Include="Source Files\gui\soundnhapticssetting_screen">
      <UniqueIdentifier>139AB4FF-DE51-5C86-5E84-926A63D9BA1D</UniqueIdentifier>
    </Filter>
    <Filter Include="Header Files\gui\soundnhapticssetting_screen">
      <UniqueIdentifier>F08B9978-C46A-0C8A-9762-C30138A30307</UniqueIdentifier>
    </Filter>
    <Filter Include="Source Files\gui\heartratescreen_screen">
      <UniqueIdentifier>242EBAFC-3A4D-B65B-569B-979B6CA278F4</UniqueIdentifier>
    </Filter>
    <Filter Include="Source Files\gui\uncharging_screen_screen">
      <UniqueIdentifier>5E75CE5C-3085-B940-4719-6ED84C44D824</UniqueIdentifier>
    </Filter>
    <Filter Include="Header Files\gui\falldetected_screen">
      <UniqueIdentifier>55853D44-440C-0AB5-0AC8-8BB81FCF518A</UniqueIdentifier>
    </Filter>
    <Filter Include="Header Files\gui\networkinfosetting_screen">
      <UniqueIdentifier>AD6A7BFC-C7ED-2738-D175-4639165C75D5</UniqueIdentifier>
    </Filter>
    <Filter Include="Header Files\gui\heartratescreen_screen">
      <UniqueIdentifier>9C61B6CD-A69B-509C-E158-DD80368868B1</UniqueIdentifier>
    </Filter>
    <Filter Include="Source Files\gui\networkinfosetting_screen">
      <UniqueIdentifier>97A47281-240B-A19D-7A33-7414B8CC2E29</UniqueIdentifier>
    </Filter>
    <Filter Include="Source Files\gui\falldetected_screen">
      <UniqueIdentifier>DCFCD083-7D7D-0391-8392-AB6370FDFDF5</UniqueIdentifier>
    </Filter>
    <Filter Include="Source Files\gui\spo2detail_screen">
      <UniqueIdentifier>F901EF58-F042-9914-A3F0-BD249A53C244</UniqueIdentifier>
    </Filter>
    <Filter Include="Header Files\gui\spo2detail_screen">
      <UniqueIdentifier>4F1BC7AC-8FA7-EDE5-B8EF-C303977237E9</UniqueIdentifier>
    </Filter>
    <Filter Include="Header Files\gui\uncharging_screen_screen">
      <UniqueIdentifier>9ABE1761-788D-E0A3-1870-FFCA6453CBCE</UniqueIdentifier>
    </Filter>
    <Filter Include="Source Files\gui\spo2screen_screen">
      <UniqueIdentifier>291C8299-0C26-E5D3-CA8A-4AB31E491104</UniqueIdentifier>
    </Filter>
    <Filter Include="Header Files\gui\spo2screen_screen">
      <UniqueIdentifier>0AE05298-C0B5-9776-EC31-75D89E3CBF2E</UniqueIdentifier>
    </Filter>
    <Filter Include="Source Files\gui\homescreenwithbiodata_screen">
      <UniqueIdentifier>767D1D8E-D90D-F2AC-4A56-BD78569FF838</UniqueIdentifier>
    </Filter>
    <Filter Include="Header Files\gui\languagesetting_screen">
      <UniqueIdentifier>7D604BA6-B9A6-DB08-5BCC-CDD9B42AD939</UniqueIdentifier>
    </Filter>
    <Filter Include="Header Files\gui\homescreenwithbiodata_screen">
      <UniqueIdentifier>5DE80F0C-D00A-B775-B032-8B4D6C3A03F4</UniqueIdentifier>
    </Filter>
    <Filter Include="Source Files\gui\languagesetting_screen">
      <UniqueIdentifier>A5DC379C-D85B-01B6-9A3C-0CB0D1CCB30D</UniqueIdentifier>
    </Filter>
    <Filter Include="Source Files\gui\stepsscreen_screen">
      <UniqueIdentifier>30B133AD-212D-F86D-8ABC-19D33C226770</UniqueIdentifier>
    </Filter>
    <Filter Include="Header Files\gui\stepsscreen_screen">
      <UniqueIdentifier>A250D95F-9C17-508D-1ED2-2AFCD746B496</UniqueIdentifier>
    </Filter>
    <Filter Include="Header Files\gui\deviceinfosetting_screen">
      <UniqueIdentifier>C224D3D5-67FA-95A8-E193-FF0AB3569546</UniqueIdentifier>
    </Filter>
    <Filter Include="Header Files\gui\systemsetting_screen">
      <UniqueIdentifier>8DD3032F-0E01-E397-B470-8CAA117DBEA9</UniqueIdentifier>
    </Filter>
    <Filter Include="Header Files\gui\initblackscreen_screen">
      <UniqueIdentifier>D708D4F4-77D7-CABD-C0B9-590AE057DA70</UniqueIdentifier>
    </Filter>
    <Filter Include="Source Files\gui\deviceinfosetting_screen">
      <UniqueIdentifier>3ED8F8B3-6E27-C6A0-CAC7-545785412F0C</UniqueIdentifier>
    </Filter>
    <Filter Include="Source Files\gui\swipedownfromhome_screen">
      <UniqueIdentifier>32819075-A0B4-1470-B2B0-24DF2083CD44</UniqueIdentifier>
    </Filter>
    <Filter Include="Source Files\gui\initblackscreen_screen">
      <UniqueIdentifier>E57FF3F8-A3C8-79E5-4713-4813F073079B</UniqueIdentifier>
    </Filter>
    <Filter Include="Header Files\gui\swipedownfromhome_screen">
      <UniqueIdentifier>31714202-C16E-8F33-1FA3-244BBB8871E3</UniqueIdentifier>
    </Filter>
    <Filter Include="Source Files\gui\systemsetting_screen">
      <UniqueIdentifier>0A62A259-C196-FA94-9D32-DFCB1BE4DFBC</UniqueIdentifier>
    </Filter>
    <Filter Include="Source Files\gui\informationsetting_screen">
      <UniqueIdentifier>1C8E38DA-64FF-EBFF-0283-C695E25FB608</UniqueIdentifier>
    </Filter>
    <Filter Include="Header Files\generated\gui_generated\containers">
      <UniqueIdentifier>8D7CBC31-1FE1-ADF9-485C-72687A7B155C</UniqueIdentifier>
    </Filter>
    <Filter Include="Source Files\generated\gui_generated\containers">
      <UniqueIdentifier>1BC71715-324C-7E4D-BB75-6597885F2D57</UniqueIdentifier>
    </Filter>
    <Filter Include="Header Files\gui\screen1_screen">
      <UniqueIdentifier>82BF880E-AB1A-70EB-D965-D69CCA1BA467</UniqueIdentifier>
    </Filter>
    <Filter Include="Source Files\gui\screen1_screen">
      <UniqueIdentifier>19E2E4A3-8F6E-547A-C8F4-0D04C0B41C3F</UniqueIdentifier>
    </Filter>
    <Filter Include="Header Files\gui\screen1_1_screen">
      <UniqueIdentifier>49716ACA-6740-34F2-EE9F-D32089170768</UniqueIdentifier>
    </Filter>
    <Filter Include="Source Files\gui\screen1_1_screen">
      <UniqueIdentifier>C2F4863F-76CA-BD4D-2251-08464917B4E5</UniqueIdentifier>
    </Filter>
    <Filter Include="Header Files\generated\gui_generated\screen1_screen">
      <UniqueIdentifier>4EFD54C7-06A4-02BA-03ED-A6E31DCF2B1B</UniqueIdentifier>
    </Filter>
    <Filter Include="Source Files\generated\gui_generated\screen1_screen">
      <UniqueIdentifier>3204F84F-5B51-0811-B622-BACB2368ABF1</UniqueIdentifier>
    </Filter>
    <Filter Include="Header Files\generated\gui_generated\screen1_1_screen">
      <UniqueIdentifier>5B03DE80-1749-45FF-1D92-7E8175692606</UniqueIdentifier>
    </Filter>
    <Filter Include="Source Files\generated\gui_generated\screen1_1_screen">
      <UniqueIdentifier>91B4CB49-DB5C-0B29-E876-71508626D211</UniqueIdentifier>
    </Filter>
  </ItemGroup>
  <ItemGroup>
    <ClCompile Include="$(TouchGFXReleasePath)\framework\source\platform\driver\touch\SDL2TouchController.cpp">
      <Filter>Source Files\TouchGFX\platform\driver\touch</Filter>
    </ClCompile>
    <ClCompile Include="$(TouchGFXReleasePath)\framework\source\platform\hal\simulator\sdl2\HALSDL2.cpp">
      <Filter>Source Files\TouchGFX\platform\hal\simulator\sdl2</Filter>
    </ClCompile>
    <ClCompile Include="$(TouchGFXReleasePath)\framework\source\platform\hal\simulator\sdl2\HALSDL2_icon.cpp">
      <Filter>Source Files\TouchGFX\platform\hal\simulator\sdl2</Filter>
    </ClCompile>
    <ClCompile Include="$(TouchGFXReleasePath)\framework\source\platform\hal\simulator\sdl2\OSWrappers.cpp">
      <Filter>Source Files\TouchGFX\platform\hal\simulator\sdl2</Filter>
    </ClCompile>
    <ClCompile Include="$(ApplicationRoot)\simulator\main.cpp">
      <Filter>Source Files\simulator</Filter>
    </ClCompile>
    <ClCompile Include="$(ApplicationRoot)\generated\simulator\src\mainBase.cpp">
      <Filter>Source Files\generated\simulator</Filter>
    </ClCompile>
    <ClCompile Include="..\..\gui\src\common\FrontendApplication.cpp">
      <Filter>Source Files\gui\common</Filter>
    </ClCompile>
    <ClCompile Include="..\..\generated\gui_generated\src\common\FrontendApplicationBase.cpp">
      <Filter>Source Files\generated\gui_generated\common</Filter>
    </ClCompile>
    <ClCompile Include="..\..\gui\src\model\Model.cpp">
      <Filter>Source Files\gui\model</Filter>
    </ClCompile>
    <ClCompile Include="..\..\generated\simulator\src\video\SoftwareMJPEGDecoder.cpp">
      <Filter>Source Files\generated\simulator\video</Filter>
    </ClCompile>
    <ClCompile Include="..\..\gui\src\charging_screen_screen\charging_screenPresenter.cpp">
      <Filter>Source Files\gui\charging_screen_screen</Filter>
    </ClCompile>
    <ClCompile Include="..\..\gui\src\deviceinfosetting_screen\deviceInfoSettingPresenter.cpp">
      <Filter>Source Files\gui\deviceinfosetting_screen</Filter>
    </ClCompile>
    <ClCompile Include="..\..\gui\src\deviceinfosetting_screen\deviceInfoSettingView.cpp">
      <Filter>Source Files\gui\deviceinfosetting_screen</Filter>
    </ClCompile>
    <ClCompile Include="..\..\gui\src\falldetected_screen\fallDetectedPresenter.cpp">
      <Filter>Source Files\gui\falldetected_screen</Filter>
    </ClCompile>
    <ClCompile Include="..\..\gui\src\flashlight_screen_screen\flashlight_screenView.cpp">
      <Filter>Source Files\gui\flashlight_screen_screen</Filter>
    </ClCompile>
    <ClCompile Include="..\..\gui\src\heartratedetail_screen\HeartrateDetailPresenter.cpp">
      <Filter>Source Files\gui\heartratedetail_screen</Filter>
    </ClCompile>
    <ClCompile Include="..\..\gui\src\heartratedetail_screen\HeartrateDetailView.cpp">
      <Filter>Source Files\gui\heartratedetail_screen</Filter>
    </ClCompile>
    <ClCompile Include="..\..\gui\src\heartratescreen_screen\HeartrateScreenPresenter.cpp">
      <Filter>Source Files\gui\heartratescreen_screen</Filter>
    </ClCompile>
    <ClCompile Include="..\..\gui\src\heartratescreen_screen\HeartrateScreenView.cpp">
      <Filter>Source Files\gui\heartratescreen_screen</Filter>
    </ClCompile>
    <ClCompile Include="..\..\gui\src\homescreenwithbiodata_screen\HomeScreenWithBiodataPresenter.cpp">
      <Filter>Source Files\gui\homescreenwithbiodata_screen</Filter>
    </ClCompile>
    <ClCompile Include="..\..\gui\src\homescreenwithbiodata_screen\HomeScreenWithBiodataView.cpp">
      <Filter>Source Files\gui\homescreenwithbiodata_screen</Filter>
    </ClCompile>
    <ClCompile Include="..\..\gui\src\informationsetting_screen\informationSettingPresenter.cpp">
      <Filter>Source Files\gui\informationsetting_screen</Filter>
    </ClCompile>
    <ClCompile Include="..\..\gui\src\informationsetting_screen\informationSettingView.cpp">
      <Filter>Source Files\gui\informationsetting_screen</Filter>
    </ClCompile>
    <ClCompile Include="..\..\gui\src\initblackscreen_screen\initBlackScreenPresenter.cpp">
      <Filter>Source Files\gui\initblackscreen_screen</Filter>
    </ClCompile>
    <ClCompile Include="..\..\gui\src\languagesetting_screen\languageSettingPresenter.cpp">
      <Filter>Source Files\gui\languagesetting_screen</Filter>
    </ClCompile>
    <ClCompile Include="..\..\gui\src\languagesetting_screen\languageSettingView.cpp">
      <Filter>Source Files\gui\languagesetting_screen</Filter>
    </ClCompile>
    <ClCompile Include="..\..\gui\src\networkinfosetting_screen\networkInfoSettingPresenter.cpp">
      <Filter>Source Files\gui\networkinfosetting_screen</Filter>
    </ClCompile>
    <ClCompile Include="..\..\gui\src\networkinfosetting_screen\networkInfoSettingView.cpp">
      <Filter>Source Files\gui\networkinfosetting_screen</Filter>
    </ClCompile>
    <ClCompile Include="..\..\gui\src\screenbrightnesssetting_screen\screenbrightnessSettingPresenter.cpp">
      <Filter>Source Files\gui\screenbrightnesssetting_screen</Filter>
    </ClCompile>
    <ClCompile Include="..\..\gui\src\screenbrightnesssetting_screen\screenbrightnessSettingView.cpp">
      <Filter>Source Files\gui\screenbrightnesssetting_screen</Filter>
    </ClCompile>
    <ClCompile Include="..\..\gui\src\screenontimesetting_screen\screenontimeSettingPresenter.cpp">
      <Filter>Source Files\gui\screenontimesetting_screen</Filter>
    </ClCompile>
    <ClCompile Include="..\..\gui\src\screenontimesetting_screen\screenontimeSettingView.cpp">
      <Filter>Source Files\gui\screenontimesetting_screen</Filter>
    </ClCompile>
    <ClCompile Include="..\..\gui\src\screensetting_screen\screenSettingPresenter.cpp">
      <Filter>Source Files\gui\screensetting_screen</Filter>
    </ClCompile>
    <ClCompile Include="..\..\gui\src\screensetting_screen\screenSettingView.cpp">
      <Filter>Source Files\gui\screensetting_screen</Filter>
    </ClCompile>
    <ClCompile Include="..\..\gui\src\containers\setting_screenontime_notselected.cpp">
      <Filter>Source Files\gui\containers</Filter>
    </ClCompile>
    <ClCompile Include="..\..\generated\gui_generated\src\containers\setting_screenontime_notselectedBase.cpp">
      <Filter>Source Files\generated\gui_generated\containers</Filter>
    </ClCompile>
    <ClCompile Include="..\..\gui\src\containers\setting_screenontime_selected.cpp">
      <Filter>Source Files\gui\containers</Filter>
    </ClCompile>
    <ClCompile Include="..\..\generated\gui_generated\src\containers\setting_screenontime_selectedBase.cpp">
      <Filter>Source Files\generated\gui_generated\containers</Filter>
    </ClCompile>
    <ClCompile Include="..\..\gui\src\settingscreen_screen\SettingScreenPresenter.cpp">
      <Filter>Source Files\gui\settingscreen_screen</Filter>
    </ClCompile>
    <ClCompile Include="..\..\gui\src\settingscreen_screen\SettingScreenView.cpp">
      <Filter>Source Files\gui\settingscreen_screen</Filter>
    </ClCompile>
    <ClCompile Include="..\..\gui\src\sleepscreen_screen\SleepScreenPresenter.cpp">
      <Filter>Source Files\gui\sleepscreen_screen</Filter>
    </ClCompile>
    <ClCompile Include="..\..\gui\src\sleepscreen_screen\SleepScreenView.cpp">
      <Filter>Source Files\gui\sleepscreen_screen</Filter>
    </ClCompile>
    <ClCompile Include="..\..\gui\src\sos_alert_screen\sos_alertPresenter.cpp">
      <Filter>Source Files\gui\sos_alert_screen</Filter>
    </ClCompile>
    <ClCompile Include="..\..\gui\src\soundnhapticssetting_screen\soundnhapticsSettingPresenter.cpp">
      <Filter>Source Files\gui\soundnhapticssetting_screen</Filter>
    </ClCompile>
    <ClCompile Include="..\..\gui\src\soundnhapticssetting_screen\soundnhapticsSettingView.cpp">
      <Filter>Source Files\gui\soundnhapticssetting_screen</Filter>
    </ClCompile>
    <ClCompile Include="..\..\gui\src\spo2detail_screen\Spo2DetailPresenter.cpp">
      <Filter>Source Files\gui\spo2detail_screen</Filter>
    </ClCompile>
    <ClCompile Include="..\..\gui\src\spo2detail_screen\Spo2DetailView.cpp">
      <Filter>Source Files\gui\spo2detail_screen</Filter>
    </ClCompile>
    <ClCompile Include="..\..\gui\src\spo2screen_screen\Spo2ScreenPresenter.cpp">
      <Filter>Source Files\gui\spo2screen_screen</Filter>
    </ClCompile>
    <ClCompile Include="..\..\gui\src\spo2screen_screen\Spo2ScreenView.cpp">
      <Filter>Source Files\gui\spo2screen_screen</Filter>
    </ClCompile>
    <ClCompile Include="..\..\gui\src\stepsscreen_screen\StepsScreenPresenter.cpp">
      <Filter>Source Files\gui\stepsscreen_screen</Filter>
    </ClCompile>
    <ClCompile Include="..\..\gui\src\stepsscreen_screen\StepsScreenView.cpp">
      <Filter>Source Files\gui\stepsscreen_screen</Filter>
    </ClCompile>
    <ClCompile Include="..\..\gui\src\swipedownfromhome_screen\swipedownfromHomePresenter.cpp">
      <Filter>Source Files\gui\swipedownfromhome_screen</Filter>
    </ClCompile>
    <ClCompile Include="..\..\gui\src\swipedownfromhome_screen\swipedownfromHomeView.cpp">
      <Filter>Source Files\gui\swipedownfromhome_screen</Filter>
    </ClCompile>
    <ClCompile Include="..\..\gui\src\systemsetting_screen\systemSettingPresenter.cpp">
      <Filter>Source Files\gui\systemsetting_screen</Filter>
    </ClCompile>
    <ClCompile Include="..\..\gui\src\systemsetting_screen\systemSettingView.cpp">
      <Filter>Source Files\gui\systemsetting_screen</Filter>
    </ClCompile>
    <ClCompile Include="..\..\gui\src\temphome_screen\tempHomePresenter.cpp">
      <Filter>Source Files\gui\temphome_screen</Filter>
    </ClCompile>
    <ClCompile Include="..\..\gui\src\uncharging_screen_screen\unCharging_screenPresenter.cpp">
      <Filter>Source Files\gui\uncharging_screen_screen</Filter>
    </ClCompile>
    <ClCompile Include="..\..\gui\src\containers\setting_stimul_strength_notselected.cpp">
      <Filter>Source Files\gui\containers</Filter>
    </ClCompile>
    <ClCompile Include="..\..\generated\gui_generated\src\containers\setting_stimul_strength_notselectedBase.cpp">
      <Filter>Source Files\generated\gui_generated\containers</Filter>
    </ClCompile>
    <ClCompile Include="..\..\gui\src\containers\setting_stimul_strength_selected.cpp">
      <Filter>Source Files\gui\containers</Filter>
    </ClCompile>
    <ClCompile Include="..\..\generated\gui_generated\src\containers\setting_stimul_strength_selectedBase.cpp">
      <Filter>Source Files\generated\gui_generated\containers</Filter>
    </ClCompile>
    <ClCompile Include="..\..\gui\src\containers\setting_stimul_time_notselected.cpp">
      <Filter>Source Files\gui\containers</Filter>
    </ClCompile>
    <ClCompile Include="..\..\generated\gui_generated\src\containers\setting_stimul_time_notselectedBase.cpp">
      <Filter>Source Files\generated\gui_generated\containers</Filter>
    </ClCompile>
    <ClCompile Include="..\..\gui\src\containers\setting_stimul_time_selected.cpp">
      <Filter>Source Files\gui\containers</Filter>
    </ClCompile>
    <ClCompile Include="..\..\generated\gui_generated\src\containers\setting_stimul_time_selectedBase.cpp">
      <Filter>Source Files\generated\gui_generated\containers</Filter>
    </ClCompile>
    <ClCompile Include="..\..\gui\src\screen1_1_screen\Screen1_1Presenter.cpp">
      <Filter>Source Files\gui\screen1_1_screen</Filter>
    </ClCompile>
    <ClCompile Include="..\..\gui\src\screen1_1_screen\Screen1_1View.cpp">
      <Filter>Source Files\gui\screen1_1_screen</Filter>
    </ClCompile>
    <ClCompile Include="..\..\generated\gui_generated\src\screen1_1_screen\Screen1_1ViewBase.cpp">
      <Filter>Source Files\generated\gui_generated\screen1_1_screen</Filter>
    </ClCompile>
    <ClCompile Include="..\..\gui\src\screen1_screen\Screen1Presenter.cpp">
      <Filter>Source Files\gui\screen1_screen</Filter>
    </ClCompile>
    <ClCompile Include="..\..\gui\src\screen1_screen\Screen1View.cpp">
      <Filter>Source Files\gui\screen1_screen</Filter>
    </ClCompile>
    <ClCompile Include="..\..\generated\gui_generated\src\screen1_screen\Screen1ViewBase.cpp">
      <Filter>Source Files\generated\gui_generated\screen1_screen</Filter>
    </ClCompile>
  </ItemGroup>
  <ItemGroup>
    <None Include="$(ApplicationRoot)\assets\texts\texts.xml">
      <Filter>Resource Files\assets\texts</Filter>
    </None>
    <None Include="$(ApplicationRoot)\config\msvs\Application.props">
      <Filter>Resource Files\config\msvs</Filter>
    </None>
  </ItemGroup>
  <ItemGroup>
    <ClInclude Include="$(TouchGFXReleasePath)\framework\include\common\AbstractPartition.hpp">
      <Filter>Header Files\TouchGFX\common</Filter>
    </ClInclude>
    <ClInclude Include="$(TouchGFXReleasePath)\framework\include\common\Meta.hpp">
      <Filter>Header Files\TouchGFX\common</Filter>
    </ClInclude>
    <ClInclude Include="$(TouchGFXReleasePath)\framework\include\common\Partition.hpp">
      <Filter>Header Files\TouchGFX\common</Filter>
    </ClInclude>
    <ClInclude Include="$(TouchGFXReleasePath)\framework\include\common\TouchGFXInit.hpp">
      <Filter>Header Files\TouchGFX\common</Filter>
    </ClInclude>
    <ClInclude Include="$(TouchGFXReleasePath)\framework\include\mvp\MVPApplication.hpp">
      <Filter>Header Files\TouchGFX\mvp</Filter>
    </ClInclude>
    <ClInclude Include="$(TouchGFXReleasePath)\framework\include\mvp\MVPHeap.hpp">
      <Filter>Header Files\TouchGFX\mvp</Filter>
    </ClInclude>
    <ClInclude Include="$(TouchGFXReleasePath)\framework\include\mvp\Presenter.hpp">
      <Filter>Header Files\TouchGFX\mvp</Filter>
    </ClInclude>
    <ClInclude Include="$(TouchGFXReleasePath)\framework\include\mvp\View.hpp">
      <Filter>Header Files\TouchGFX\mvp</Filter>
    </ClInclude>
    <ClInclude Include="$(TouchGFXReleasePath)\framework\include\platform\driver\lcd\LCD16bpp.hpp">
      <Filter>Header Files\TouchGFX\platform\driver\lcd</Filter>
    </ClInclude>
    <ClInclude Include="$(TouchGFXReleasePath)\framework\include\platform\driver\lcd\LCD1bpp.hpp">
      <Filter>Header Files\TouchGFX\platform\driver\lcd</Filter>
    </ClInclude>
    <ClInclude Include="$(TouchGFXReleasePath)\framework\include\platform\driver\lcd\LCD24bpp.hpp">
      <Filter>Header Files\TouchGFX\platform\driver\lcd</Filter>
    </ClInclude>
    <ClInclude Include="$(TouchGFXReleasePath)\framework\include\platform\driver\lcd\LCD2bpp.hpp">
      <Filter>Header Files\TouchGFX\platform\driver\lcd</Filter>
    </ClInclude>
    <ClInclude Include="$(TouchGFXReleasePath)\framework\include\platform\driver\lcd\LCD4bpp.hpp">
      <Filter>Header Files\TouchGFX\platform\driver\lcd</Filter>
    </ClInclude>
    <ClInclude Include="$(TouchGFXReleasePath)\framework\include\platform\driver\touch\SDL2TouchController.hpp">
      <Filter>Header Files\TouchGFX\platform\driver\touch</Filter>
    </ClInclude>
    <ClInclude Include="$(TouchGFXReleasePath)\framework\include\platform\hal\simulator\sdl2\HALSDL2.hpp">
      <Filter>Header Files\TouchGFX\platform\hal\simulator\sdl2</Filter>
    </ClInclude>
    <ClInclude Include="$(TouchGFXReleasePath)\framework\include\touchgfx\Application.hpp">
      <Filter>Header Files\TouchGFX\touchgfx</Filter>
    </ClInclude>
    <ClInclude Include="$(TouchGFXReleasePath)\framework\include\touchgfx\Bitmap.hpp">
      <Filter>Header Files\TouchGFX\touchgfx</Filter>
    </ClInclude>
    <ClInclude Include="$(TouchGFXReleasePath)\framework\include\touchgfx\Callback.hpp">
      <Filter>Header Files\TouchGFX\touchgfx</Filter>
    </ClInclude>
    <ClInclude Include="$(TouchGFXReleasePath)\framework\include\touchgfx\canvas_widget_renderer\CanvasWidgetRenderer.hpp">
      <Filter>Header Files\TouchGFX\touchgfx\canvas_widget_renderer</Filter>
    </ClInclude>
    <ClInclude Include="$(TouchGFXReleasePath)\framework\include\touchgfx\canvas_widget_renderer\Cell.hpp">
      <Filter>Header Files\TouchGFX\touchgfx\canvas_widget_renderer</Filter>
    </ClInclude>
    <ClInclude Include="$(TouchGFXReleasePath)\framework\include\touchgfx\canvas_widget_renderer\Outline.hpp">
      <Filter>Header Files\TouchGFX\touchgfx\canvas_widget_renderer</Filter>
    </ClInclude>
    <ClInclude Include="$(TouchGFXReleasePath)\framework\include\touchgfx\canvas_widget_renderer\Rasterizer.hpp">
      <Filter>Header Files\TouchGFX\touchgfx\canvas_widget_renderer</Filter>
    </ClInclude>
    <ClInclude Include="$(TouchGFXReleasePath)\framework\include\touchgfx\canvas_widget_renderer\Renderer.hpp">
      <Filter>Header Files\TouchGFX\touchgfx\canvas_widget_renderer</Filter>
    </ClInclude>
    <ClInclude Include="$(TouchGFXReleasePath)\framework\include\touchgfx\canvas_widget_renderer\RenderingBuffer.hpp">
      <Filter>Header Files\TouchGFX\touchgfx\canvas_widget_renderer</Filter>
    </ClInclude>
    <ClInclude Include="$(TouchGFXReleasePath)\framework\include\touchgfx\canvas_widget_renderer\RGBA8.hpp">
      <Filter>Header Files\TouchGFX\touchgfx\canvas_widget_renderer</Filter>
    </ClInclude>
    <ClInclude Include="$(TouchGFXReleasePath)\framework\include\touchgfx\canvas_widget_renderer\Scanline.hpp">
      <Filter>Header Files\TouchGFX\touchgfx\canvas_widget_renderer</Filter>
    </ClInclude>
    <ClInclude Include="$(TouchGFXReleasePath)\framework\include\touchgfx\Color.hpp">
      <Filter>Header Files\TouchGFX\touchgfx</Filter>
    </ClInclude>
    <ClInclude Include="$(TouchGFXReleasePath)\framework\include\touchgfx\ConstFont.hpp">
      <Filter>Header Files\TouchGFX\touchgfx</Filter>
    </ClInclude>
    <ClInclude Include="$(TouchGFXReleasePath)\framework\include\touchgfx\containers\clock\AbstractClock.hpp">
      <Filter>Header Files\TouchGFX\touchgfx\containers\clock</Filter>
    </ClInclude>
    <ClInclude Include="$(TouchGFXReleasePath)\framework\include\touchgfx\containers\clock\AnalogClock.hpp">
      <Filter>Header Files\TouchGFX\touchgfx\containers\clock</Filter>
    </ClInclude>
    <ClInclude Include="$(TouchGFXReleasePath)\framework\include\touchgfx\containers\clock\DigitalClock.hpp">
      <Filter>Header Files\TouchGFX\touchgfx\containers\clock</Filter>
    </ClInclude>
    <ClInclude Include="$(TouchGFXReleasePath)\framework\include\touchgfx\containers\Container.hpp">
      <Filter>Header Files\TouchGFX\touchgfx\containers</Filter>
    </ClInclude>
    <ClInclude Include="$(TouchGFXReleasePath)\framework\include\touchgfx\containers\ListLayout.hpp">
      <Filter>Header Files\TouchGFX\touchgfx\containers</Filter>
    </ClInclude>
    <ClInclude Include="$(TouchGFXReleasePath)\framework\include\touchgfx\containers\ModalWindow.hpp">
      <Filter>Header Files\TouchGFX\touchgfx\containers</Filter>
    </ClInclude>
    <ClInclude Include="$(TouchGFXReleasePath)\framework\include\touchgfx\containers\progress_indicators\AbstractDirectionProgress.hpp">
      <Filter>Header Files\TouchGFX\touchgfx\containers\progress_indicators</Filter>
    </ClInclude>
    <ClInclude Include="$(TouchGFXReleasePath)\framework\include\touchgfx\containers\progress_indicators\AbstractProgressIndicator.hpp">
      <Filter>Header Files\TouchGFX\touchgfx\containers\progress_indicators</Filter>
    </ClInclude>
    <ClInclude Include="$(TouchGFXReleasePath)\framework\include\touchgfx\containers\progress_indicators\BoxProgress.hpp">
      <Filter>Header Files\TouchGFX\touchgfx\containers\progress_indicators</Filter>
    </ClInclude>
    <ClInclude Include="$(TouchGFXReleasePath)\framework\include\touchgfx\containers\progress_indicators\CircleProgress.hpp">
      <Filter>Header Files\TouchGFX\touchgfx\containers\progress_indicators</Filter>
    </ClInclude>
    <ClInclude Include="$(TouchGFXReleasePath)\framework\include\touchgfx\containers\progress_indicators\ImageProgress.hpp">
      <Filter>Header Files\TouchGFX\touchgfx\containers\progress_indicators</Filter>
    </ClInclude>
    <ClInclude Include="$(TouchGFXReleasePath)\framework\include\touchgfx\containers\progress_indicators\LineProgress.hpp">
      <Filter>Header Files\TouchGFX\touchgfx\containers\progress_indicators</Filter>
    </ClInclude>
    <ClInclude Include="$(TouchGFXReleasePath)\framework\include\touchgfx\containers\progress_indicators\TextProgress.hpp">
      <Filter>Header Files\TouchGFX\touchgfx\containers\progress_indicators</Filter>
    </ClInclude>
    <ClInclude Include="$(TouchGFXReleasePath)\framework\include\touchgfx\containers\ScrollableContainer.hpp">
      <Filter>Header Files\TouchGFX\touchgfx\containers</Filter>
    </ClInclude>
    <ClInclude Include="$(TouchGFXReleasePath)\framework\include\touchgfx\containers\SlideMenu.hpp">
      <Filter>Header Files\TouchGFX\touchgfx\containers</Filter>
    </ClInclude>
    <ClInclude Include="$(TouchGFXReleasePath)\framework\include\touchgfx\containers\Slider.hpp">
      <Filter>Header Files\TouchGFX\touchgfx\containers</Filter>
    </ClInclude>
    <ClInclude Include="$(TouchGFXReleasePath)\framework\include\touchgfx\containers\ZoomAnimationImage.hpp">
      <Filter>Header Files\TouchGFX\touchgfx\containers</Filter>
    </ClInclude>
    <ClInclude Include="$(TouchGFXReleasePath)\framework\include\touchgfx\Drawable.hpp">
      <Filter>Header Files\TouchGFX\touchgfx</Filter>
    </ClInclude>
    <ClInclude Include="$(TouchGFXReleasePath)\framework\include\touchgfx\EasingEquations.hpp">
      <Filter>Header Files\TouchGFX\touchgfx</Filter>
    </ClInclude>
    <ClInclude Include="$(TouchGFXReleasePath)\framework\include\touchgfx\Event.hpp">
      <Filter>Header Files\TouchGFX\touchgfx</Filter>
    </ClInclude>
    <ClInclude Include="$(TouchGFXReleasePath)\framework\include\touchgfx\events\ClickEvent.hpp">
      <Filter>Header Files\TouchGFX\touchgfx\events</Filter>
    </ClInclude>
    <ClInclude Include="$(TouchGFXReleasePath)\framework\include\touchgfx\events\DragEvent.hpp">
      <Filter>Header Files\TouchGFX\touchgfx\events</Filter>
    </ClInclude>
    <ClInclude Include="$(TouchGFXReleasePath)\framework\include\touchgfx\events\GestureEvent.hpp">
      <Filter>Header Files\TouchGFX\touchgfx\events</Filter>
    </ClInclude>
    <ClInclude Include="$(TouchGFXReleasePath)\framework\include\touchgfx\Font.hpp">
      <Filter>Header Files\TouchGFX\touchgfx</Filter>
    </ClInclude>
    <ClInclude Include="$(TouchGFXReleasePath)\framework\include\touchgfx\FontManager.hpp">
      <Filter>Header Files\TouchGFX\touchgfx</Filter>
    </ClInclude>
    <ClInclude Include="$(TouchGFXReleasePath)\framework\include\touchgfx\hal\Atomic.hpp">
      <Filter>Header Files\TouchGFX\touchgfx\hal</Filter>
    </ClInclude>
    <ClInclude Include="$(TouchGFXReleasePath)\framework\include\touchgfx\hal\BlitOp.hpp">
      <Filter>Header Files\TouchGFX\touchgfx\hal</Filter>
    </ClInclude>
    <ClInclude Include="$(TouchGFXReleasePath)\framework\include\touchgfx\hal\BoardConfiguration.hpp">
      <Filter>Header Files\TouchGFX\touchgfx\hal</Filter>
    </ClInclude>
    <ClInclude Include="$(TouchGFXReleasePath)\framework\include\touchgfx\hal\Buttons.hpp">
      <Filter>Header Files\TouchGFX\touchgfx\hal</Filter>
    </ClInclude>
    <ClInclude Include="$(TouchGFXReleasePath)\framework\include\touchgfx\hal\Config.hpp">
      <Filter>Header Files\TouchGFX\touchgfx\hal</Filter>
    </ClInclude>
    <ClInclude Include="$(TouchGFXReleasePath)\framework\include\touchgfx\hal\DMA.hpp">
      <Filter>Header Files\TouchGFX\touchgfx\hal</Filter>
    </ClInclude>
    <ClInclude Include="$(TouchGFXReleasePath)\framework\include\touchgfx\hal\Gestures.hpp">
      <Filter>Header Files\TouchGFX\touchgfx\hal</Filter>
    </ClInclude>
    <ClInclude Include="$(TouchGFXReleasePath)\framework\include\touchgfx\hal\GPIO.hpp">
      <Filter>Header Files\TouchGFX\touchgfx\hal</Filter>
    </ClInclude>
    <ClInclude Include="$(TouchGFXReleasePath)\framework\include\touchgfx\hal\HAL.hpp">
      <Filter>Header Files\TouchGFX\touchgfx\hal</Filter>
    </ClInclude>
    <ClInclude Include="$(TouchGFXReleasePath)\framework\include\touchgfx\hal\LED.hpp">
      <Filter>Header Files\TouchGFX\touchgfx\hal</Filter>
    </ClInclude>
    <ClInclude Include="$(TouchGFXReleasePath)\framework\include\touchgfx\hal\NoDMA.hpp">
      <Filter>Header Files\TouchGFX\touchgfx\hal</Filter>
    </ClInclude>
    <ClInclude Include="$(TouchGFXReleasePath)\framework\include\touchgfx\hal\OSWrappers.hpp">
      <Filter>Header Files\TouchGFX\touchgfx\hal</Filter>
    </ClInclude>
    <ClInclude Include="$(TouchGFXReleasePath)\framework\include\touchgfx\hal\Types.hpp">
      <Filter>Header Files\TouchGFX\touchgfx\hal</Filter>
    </ClInclude>
    <ClInclude Include="$(TouchGFXReleasePath)\framework\include\touchgfx\InternalFlashFont.hpp">
      <Filter>Header Files\TouchGFX\touchgfx</Filter>
    </ClInclude>
    <ClInclude Include="$(TouchGFXReleasePath)\framework\include\touchgfx\JSMOCHelper.hpp">
      <Filter>Header Files\TouchGFX\touchgfx</Filter>
    </ClInclude>
    <ClInclude Include="$(TouchGFXReleasePath)\framework\include\touchgfx\lcd\LCD.hpp">
      <Filter>Header Files\TouchGFX\touchgfx\lcd</Filter>
    </ClInclude>
    <ClInclude Include="$(TouchGFXReleasePath)\framework\include\touchgfx\Math3D.hpp">
      <Filter>Header Files\TouchGFX\touchgfx</Filter>
    </ClInclude>
    <ClInclude Include="$(TouchGFXReleasePath)\framework\include\touchgfx\mixins\ClickListener.hpp">
      <Filter>Header Files\TouchGFX\touchgfx\mixins</Filter>
    </ClInclude>
    <ClInclude Include="$(TouchGFXReleasePath)\framework\include\touchgfx\mixins\Draggable.hpp">
      <Filter>Header Files\TouchGFX\touchgfx\mixins</Filter>
    </ClInclude>
    <ClInclude Include="$(TouchGFXReleasePath)\framework\include\touchgfx\mixins\FadeAnimator.hpp">
      <Filter>Header Files\TouchGFX\touchgfx\mixins</Filter>
    </ClInclude>
    <ClInclude Include="$(TouchGFXReleasePath)\framework\include\touchgfx\mixins\MoveAnimator.hpp">
      <Filter>Header Files\TouchGFX\touchgfx\mixins</Filter>
    </ClInclude>
    <ClInclude Include="$(TouchGFXReleasePath)\framework\include\touchgfx\mixins\PreRenderable.hpp">
      <Filter>Header Files\TouchGFX\touchgfx\mixins</Filter>
    </ClInclude>
    <ClInclude Include="$(TouchGFXReleasePath)\framework\include\touchgfx\mixins\Snapper.hpp">
      <Filter>Header Files\TouchGFX\touchgfx\mixins</Filter>
    </ClInclude>
    <ClInclude Include="$(TouchGFXReleasePath)\framework\include\touchgfx\Screen.hpp">
      <Filter>Header Files\TouchGFX\touchgfx</Filter>
    </ClInclude>
    <ClInclude Include="$(TouchGFXReleasePath)\framework\include\touchgfx\TextProvider.hpp">
      <Filter>Header Files\TouchGFX\touchgfx</Filter>
    </ClInclude>
    <ClInclude Include="$(TouchGFXReleasePath)\framework\include\touchgfx\Texts.hpp">
      <Filter>Header Files\TouchGFX\touchgfx</Filter>
    </ClInclude>
    <ClInclude Include="$(TouchGFXReleasePath)\framework\include\touchgfx\TextureMapTypes.hpp">
      <Filter>Header Files\TouchGFX\touchgfx</Filter>
    </ClInclude>
    <ClInclude Include="$(TouchGFXReleasePath)\framework\include\touchgfx\transforms\DisplayTransformation.hpp">
      <Filter>Header Files\TouchGFX\touchgfx\transforms</Filter>
    </ClInclude>
    <ClInclude Include="$(TouchGFXReleasePath)\framework\include\touchgfx\transforms\TouchCalibration.hpp">
      <Filter>Header Files\TouchGFX\touchgfx\transforms</Filter>
    </ClInclude>
    <ClInclude Include="$(TouchGFXReleasePath)\framework\include\touchgfx\transitions\NoTransition.hpp">
      <Filter>Header Files\TouchGFX\touchgfx\transitions</Filter>
    </ClInclude>
    <ClInclude Include="$(TouchGFXReleasePath)\framework\include\touchgfx\transitions\SlideTransition.hpp">
      <Filter>Header Files\TouchGFX\touchgfx\transitions</Filter>
    </ClInclude>
    <ClInclude Include="$(TouchGFXReleasePath)\framework\include\touchgfx\transitions\Transition.hpp">
      <Filter>Header Files\TouchGFX\touchgfx\transitions</Filter>
    </ClInclude>
    <ClInclude Include="$(TouchGFXReleasePath)\framework\include\touchgfx\TypedText.hpp">
      <Filter>Header Files\TouchGFX\touchgfx</Filter>
    </ClInclude>
    <ClInclude Include="$(TouchGFXReleasePath)\framework\include\touchgfx\UIEventListener.hpp">
      <Filter>Header Files\TouchGFX\touchgfx</Filter>
    </ClInclude>
    <ClInclude Include="$(TouchGFXReleasePath)\framework\include\touchgfx\Unicode.hpp">
      <Filter>Header Files\TouchGFX\touchgfx</Filter>
    </ClInclude>
    <ClInclude Include="$(TouchGFXReleasePath)\framework\include\touchgfx\Utils.hpp">
      <Filter>Header Files\TouchGFX\touchgfx</Filter>
    </ClInclude>
    <ClInclude Include="$(TouchGFXReleasePath)\framework\include\touchgfx\widgets\AbstractButton.hpp">
      <Filter>Header Files\TouchGFX\touchgfx\widgets</Filter>
    </ClInclude>
    <ClInclude Include="$(TouchGFXReleasePath)\framework\include\touchgfx\widgets\AnimatedImage.hpp">
      <Filter>Header Files\TouchGFX\touchgfx\widgets</Filter>
    </ClInclude>
    <ClInclude Include="$(TouchGFXReleasePath)\framework\include\touchgfx\widgets\AnimationTextureMapper.hpp">
      <Filter>Header Files\TouchGFX\touchgfx\widgets</Filter>
    </ClInclude>
    <ClInclude Include="$(TouchGFXReleasePath)\framework\include\touchgfx\widgets\Box.hpp">
      <Filter>Header Files\TouchGFX\touchgfx\widgets</Filter>
    </ClInclude>
    <ClInclude Include="$(TouchGFXReleasePath)\framework\include\touchgfx\widgets\Button.hpp">
      <Filter>Header Files\TouchGFX\touchgfx\widgets</Filter>
    </ClInclude>
    <ClInclude Include="$(TouchGFXReleasePath)\framework\include\touchgfx\widgets\ButtonWithIcon.hpp">
      <Filter>Header Files\TouchGFX\touchgfx\widgets</Filter>
    </ClInclude>
    <ClInclude Include="$(TouchGFXReleasePath)\framework\include\touchgfx\widgets\ButtonWithLabel.hpp">
      <Filter>Header Files\TouchGFX\touchgfx\widgets</Filter>
    </ClInclude>
    <ClInclude Include="$(TouchGFXReleasePath)\framework\include\touchgfx\widgets\canvas\AbstractPainter.hpp">
      <Filter>Header Files\TouchGFX\touchgfx\widgets\canvas</Filter>
    </ClInclude>
    <ClInclude Include="$(TouchGFXReleasePath)\framework\include\touchgfx\widgets\canvas\AbstractPainterBW.hpp">
      <Filter>Header Files\TouchGFX\touchgfx\widgets\canvas</Filter>
    </ClInclude>
    <ClInclude Include="$(TouchGFXReleasePath)\framework\include\touchgfx\widgets\canvas\AbstractPainterGRAY2.hpp">
      <Filter>Header Files\TouchGFX\touchgfx\widgets\canvas</Filter>
    </ClInclude>
    <ClInclude Include="$(TouchGFXReleasePath)\framework\include\touchgfx\widgets\canvas\AbstractPainterGRAY4.hpp">
      <Filter>Header Files\TouchGFX\touchgfx\widgets\canvas</Filter>
    </ClInclude>
    <ClInclude Include="$(TouchGFXReleasePath)\framework\include\touchgfx\widgets\canvas\AbstractPainterRGB565.hpp">
      <Filter>Header Files\TouchGFX\touchgfx\widgets\canvas</Filter>
    </ClInclude>
    <ClInclude Include="$(TouchGFXReleasePath)\framework\include\touchgfx\widgets\canvas\AbstractPainterRGB888.hpp">
      <Filter>Header Files\TouchGFX\touchgfx\widgets\canvas</Filter>
    </ClInclude>
    <ClInclude Include="$(TouchGFXReleasePath)\framework\include\touchgfx\widgets\canvas\AbstractShape.hpp">
      <Filter>Header Files\TouchGFX\touchgfx\widgets\canvas</Filter>
    </ClInclude>
    <ClInclude Include="$(TouchGFXReleasePath)\framework\include\touchgfx\widgets\canvas\Canvas.hpp">
      <Filter>Header Files\TouchGFX\touchgfx\widgets\canvas</Filter>
    </ClInclude>
    <ClInclude Include="$(TouchGFXReleasePath)\framework\include\touchgfx\widgets\canvas\CanvasWidget.hpp">
      <Filter>Header Files\TouchGFX\touchgfx\widgets\canvas</Filter>
    </ClInclude>
    <ClInclude Include="$(TouchGFXReleasePath)\framework\include\touchgfx\widgets\canvas\Circle.hpp">
      <Filter>Header Files\TouchGFX\touchgfx\widgets\canvas</Filter>
    </ClInclude>
    <ClInclude Include="$(TouchGFXReleasePath)\framework\include\touchgfx\widgets\canvas\CWRUtil.hpp">
      <Filter>Header Files\TouchGFX\touchgfx\widgets\canvas</Filter>
    </ClInclude>
    <ClInclude Include="$(TouchGFXReleasePath)\framework\include\touchgfx\widgets\canvas\Line.hpp">
      <Filter>Header Files\TouchGFX\touchgfx\widgets\canvas</Filter>
    </ClInclude>
    <ClInclude Include="$(TouchGFXReleasePath)\framework\include\touchgfx\widgets\canvas\PainterBW.hpp">
      <Filter>Header Files\TouchGFX\touchgfx\widgets\canvas</Filter>
    </ClInclude>
    <ClInclude Include="$(TouchGFXReleasePath)\framework\include\touchgfx\widgets\canvas\PainterGRAY2.hpp">
      <Filter>Header Files\TouchGFX\touchgfx\widgets\canvas</Filter>
    </ClInclude>
    <ClInclude Include="$(TouchGFXReleasePath)\framework\include\touchgfx\widgets\canvas\PainterGRAY2Bitmap.hpp">
      <Filter>Header Files\TouchGFX\touchgfx\widgets\canvas</Filter>
    </ClInclude>
    <ClInclude Include="$(TouchGFXReleasePath)\framework\include\touchgfx\widgets\canvas\PainterGRAY4.hpp">
      <Filter>Header Files\TouchGFX\touchgfx\widgets\canvas</Filter>
    </ClInclude>
    <ClInclude Include="$(TouchGFXReleasePath)\framework\include\touchgfx\widgets\canvas\PainterGRAY4Bitmap.hpp">
      <Filter>Header Files\TouchGFX\touchgfx\widgets\canvas</Filter>
    </ClInclude>
    <ClInclude Include="$(TouchGFXReleasePath)\framework\include\touchgfx\widgets\canvas\PainterRGB565.hpp">
      <Filter>Header Files\TouchGFX\touchgfx\widgets\canvas</Filter>
    </ClInclude>
    <ClInclude Include="$(TouchGFXReleasePath)\framework\include\touchgfx\widgets\canvas\PainterRGB565Bitmap.hpp">
      <Filter>Header Files\TouchGFX\touchgfx\widgets\canvas</Filter>
    </ClInclude>
    <ClInclude Include="$(TouchGFXReleasePath)\framework\include\touchgfx\widgets\canvas\PainterRGB888.hpp">
      <Filter>Header Files\TouchGFX\touchgfx\widgets\canvas</Filter>
    </ClInclude>
    <ClInclude Include="$(TouchGFXReleasePath)\framework\include\touchgfx\widgets\canvas\PainterRGB888Bitmap.hpp">
      <Filter>Header Files\TouchGFX\touchgfx\widgets\canvas</Filter>
    </ClInclude>
    <ClInclude Include="$(TouchGFXReleasePath)\framework\include\touchgfx\widgets\canvas\Shape.hpp">
      <Filter>Header Files\TouchGFX\touchgfx\widgets\canvas</Filter>
    </ClInclude>
    <ClInclude Include="$(TouchGFXReleasePath)\framework\include\touchgfx\widgets\Image.hpp">
      <Filter>Header Files\TouchGFX\touchgfx\widgets</Filter>
    </ClInclude>
    <ClInclude Include="$(TouchGFXReleasePath)\framework\include\touchgfx\widgets\Keyboard.hpp">
      <Filter>Header Files\TouchGFX\touchgfx\widgets</Filter>
    </ClInclude>
    <ClInclude Include="$(TouchGFXReleasePath)\framework\include\touchgfx\widgets\PixelDataWidget.hpp">
      <Filter>Header Files\TouchGFX\touchgfx\widgets</Filter>
    </ClInclude>
    <ClInclude Include="$(TouchGFXReleasePath)\framework\include\touchgfx\widgets\RadioButton.hpp">
      <Filter>Header Files\TouchGFX\touchgfx\widgets</Filter>
    </ClInclude>
    <ClInclude Include="$(TouchGFXReleasePath)\framework\include\touchgfx\widgets\RadioButtonGroup.hpp">
      <Filter>Header Files\TouchGFX\touchgfx\widgets</Filter>
    </ClInclude>
    <ClInclude Include="$(TouchGFXReleasePath)\framework\include\touchgfx\widgets\RepeatButton.hpp">
      <Filter>Header Files\TouchGFX\touchgfx\widgets</Filter>
    </ClInclude>
    <ClInclude Include="$(TouchGFXReleasePath)\framework\include\touchgfx\widgets\ScalableImage.hpp">
      <Filter>Header Files\TouchGFX\touchgfx\widgets</Filter>
    </ClInclude>
    <ClInclude Include="$(TouchGFXReleasePath)\framework\include\touchgfx\widgets\SnapshotWidget.hpp">
      <Filter>Header Files\TouchGFX\touchgfx\widgets</Filter>
    </ClInclude>
    <ClInclude Include="$(TouchGFXReleasePath)\framework\include\touchgfx\widgets\TextArea.hpp">
      <Filter>Header Files\TouchGFX\touchgfx\widgets</Filter>
    </ClInclude>
    <ClInclude Include="$(TouchGFXReleasePath)\framework\include\touchgfx\widgets\TextAreaWithWildcard.hpp">
      <Filter>Header Files\TouchGFX\touchgfx\widgets</Filter>
    </ClInclude>
    <ClInclude Include="$(TouchGFXReleasePath)\framework\include\touchgfx\widgets\TextureMapper.hpp">
      <Filter>Header Files\TouchGFX\touchgfx\widgets</Filter>
    </ClInclude>
    <ClInclude Include="$(TouchGFXReleasePath)\framework\include\touchgfx\widgets\TiledImage.hpp">
      <Filter>Header Files\TouchGFX\touchgfx\widgets</Filter>
    </ClInclude>
    <ClInclude Include="$(TouchGFXReleasePath)\framework\include\touchgfx\widgets\ToggleButton.hpp">
      <Filter>Header Files\TouchGFX\touchgfx\widgets</Filter>
    </ClInclude>
    <ClInclude Include="$(TouchGFXReleasePath)\framework\include\touchgfx\widgets\TouchArea.hpp">
      <Filter>Header Files\TouchGFX\touchgfx\widgets</Filter>
    </ClInclude>
    <ClInclude Include="$(TouchGFXReleasePath)\framework\include\touchgfx\widgets\Widget.hpp">
      <Filter>Header Files\TouchGFX\touchgfx\widgets</Filter>
    </ClInclude>
    <ClInclude Include="$(ApplicationRoot)\generated\simulator\include\simulator\mainBase.hpp">
      <Filter>Header Files\generated\simulator</Filter>
    </ClInclude>
    <ClInclude Include="..\..\generated\simulator\include\simulator\video\DirectFrameBufferVideoController.hpp">
      <Filter>Header Files\generated\simulator\include\simulator\video</Filter>
    </ClInclude>
    <ClInclude Include="..\..\gui\include\gui\common\FrontendApplication.hpp">
      <Filter>Header Files\gui\common</Filter>
    </ClInclude>
    <ClInclude Include="..\..\generated\gui_generated\include\gui_generated\common\FrontendApplicationBase.hpp">
      <Filter>Header Files\generated\gui_generated\common</Filter>
    </ClInclude>
    <ClInclude Include="..\..\gui\include\gui\common\FrontendHeap.hpp">
      <Filter>Header Files\gui\common</Filter>
    </ClInclude>
    <ClInclude Include="..\..\generated\gui_generated\include\gui_generated\common\FrontendHeapBase.hpp">
      <Filter>Header Files\generated\gui_generated\common</Filter>
    </ClInclude>
    <ClInclude Include="..\..\generated\simulator\include\simulator\video\MJPEGDecoder.hpp">
      <Filter>Header Files\generated\simulator\include\simulator\video</Filter>
    </ClInclude>
    <ClInclude Include="..\..\gui\include\gui\model\Model.hpp">
      <Filter>Header Files\gui\model</Filter>
    </ClInclude>
    <ClInclude Include="..\..\gui\include\gui\model\ModelListener.hpp">
      <Filter>Header Files\gui\model</Filter>
    </ClInclude>
    <ClInclude Include="..\..\generated\gui_generated\include\gui_generated\common\SimConstants.hpp">
      <Filter>Header Files\generated\gui_generated\common</Filter>
    </ClInclude>
    <ClInclude Include="..\..\generated\simulator\include\simulator\video\SoftwareMJPEGDecoder.hpp">
      <Filter>Header Files\generated\simulator\include\simulator\video</Filter>
    </ClInclude>
    <ClInclude Include="..\..\gui\include\gui\charging_screen_screen\charging_screenPresenter.hpp">
      <Filter>Header Files\gui\charging_screen_screen</Filter>
    </ClInclude>
    <ClInclude Include="..\..\gui\include\gui\deviceinfosetting_screen\deviceInfoSettingPresenter.hpp">
      <Filter>Header Files\gui\deviceinfosetting_screen</Filter>
    </ClInclude>
    <ClInclude Include="..\..\gui\include\gui\deviceinfosetting_screen\deviceInfoSettingView.hpp">
      <Filter>Header Files\gui\deviceinfosetting_screen</Filter>
    </ClInclude>
    <ClInclude Include="..\..\gui\include\gui\falldetected_screen\fallDetectedPresenter.hpp">
      <Filter>Header Files\gui\falldetected_screen</Filter>
    </ClInclude>
    <ClInclude Include="..\..\gui\include\gui\flashlight_screen_screen\flashlight_screenView.hpp">
      <Filter>Header Files\gui\flashlight_screen_screen</Filter>
    </ClInclude>
    <ClInclude Include="..\..\gui\include\gui\heartratedetail_screen\HeartrateDetailPresenter.hpp">
      <Filter>Header Files\gui\heartratedetail_screen</Filter>
    </ClInclude>
    <ClInclude Include="..\..\gui\include\gui\heartratedetail_screen\HeartrateDetailView.hpp">
      <Filter>Header Files\gui\heartratedetail_screen</Filter>
    </ClInclude>
    <ClInclude Include="..\..\gui\include\gui\heartratescreen_screen\HeartrateScreenPresenter.hpp">
      <Filter>Header Files\gui\heartratescreen_screen</Filter>
    </ClInclude>
    <ClInclude Include="..\..\gui\include\gui\heartratescreen_screen\HeartrateScreenView.hpp">
      <Filter>Header Files\gui\heartratescreen_screen</Filter>
    </ClInclude>
    <ClInclude Include="..\..\gui\include\gui\homescreenwithbiodata_screen\HomeScreenWithBiodataPresenter.hpp">
      <Filter>Header Files\gui\homescreenwithbiodata_screen</Filter>
    </ClInclude>
    <ClInclude Include="..\..\gui\include\gui\homescreenwithbiodata_screen\HomeScreenWithBiodataView.hpp">
      <Filter>Header Files\gui\homescreenwithbiodata_screen</Filter>
    </ClInclude>
    <ClInclude Include="..\..\gui\include\gui\informationsetting_screen\informationSettingPresenter.hpp">
      <Filter>Header Files\gui\informationsetting_screen</Filter>
    </ClInclude>
    <ClInclude Include="..\..\gui\include\gui\informationsetting_screen\informationSettingView.hpp">
      <Filter>Header Files\gui\informationsetting_screen</Filter>
    </ClInclude>
    <ClInclude Include="..\..\gui\include\gui\initblackscreen_screen\initBlackScreenPresenter.hpp">
      <Filter>Header Files\gui\initblackscreen_screen</Filter>
    </ClInclude>
    <ClInclude Include="..\..\gui\include\gui\languagesetting_screen\languageSettingPresenter.hpp">
      <Filter>Header Files\gui\languagesetting_screen</Filter>
    </ClInclude>
    <ClInclude Include="..\..\gui\include\gui\languagesetting_screen\languageSettingView.hpp">
      <Filter>Header Files\gui\languagesetting_screen</Filter>
    </ClInclude>
    <ClInclude Include="..\..\gui\include\gui\networkinfosetting_screen\networkInfoSettingPresenter.hpp">
      <Filter>Header Files\gui\networkinfosetting_screen</Filter>
    </ClInclude>
    <ClInclude Include="..\..\gui\include\gui\networkinfosetting_screen\networkInfoSettingView.hpp">
      <Filter>Header Files\gui\networkinfosetting_screen</Filter>
    </ClInclude>
    <ClInclude Include="..\..\gui\include\gui\screenbrightnesssetting_screen\screenbrightnessSettingPresenter.hpp">
      <Filter>Header Files\gui\screenbrightnesssetting_screen</Filter>
    </ClInclude>
    <ClInclude Include="..\..\gui\include\gui\screenbrightnesssetting_screen\screenbrightnessSettingView.hpp">
      <Filter>Header Files\gui\screenbrightnesssetting_screen</Filter>
    </ClInclude>
    <ClInclude Include="..\..\gui\include\gui\screenontimesetting_screen\screenontimeSettingPresenter.hpp">
      <Filter>Header Files\gui\screenontimesetting_screen</Filter>
    </ClInclude>
    <ClInclude Include="..\..\gui\include\gui\screenontimesetting_screen\screenontimeSettingView.hpp">
      <Filter>Header Files\gui\screenontimesetting_screen</Filter>
    </ClInclude>
    <ClInclude Include="..\..\gui\include\gui\screensetting_screen\screenSettingPresenter.hpp">
      <Filter>Header Files\gui\screensetting_screen</Filter>
    </ClInclude>
    <ClInclude Include="..\..\gui\include\gui\screensetting_screen\screenSettingView.hpp">
      <Filter>Header Files\gui\screensetting_screen</Filter>
    </ClInclude>
    <ClInclude Include="..\..\gui\include\gui\containers\setting_screenontime_notselected.hpp">
      <Filter>Header Files\gui\containers</Filter>
    </ClInclude>
    <ClInclude Include="..\..\generated\gui_generated\include\gui_generated\containers\setting_screenontime_notselectedBase.hpp">
      <Filter>Header Files\generated\gui_generated\containers</Filter>
    </ClInclude>
    <ClInclude Include="..\..\gui\include\gui\containers\setting_screenontime_selected.hpp">
      <Filter>Header Files\gui\containers</Filter>
    </ClInclude>
    <ClInclude Include="..\..\generated\gui_generated\include\gui_generated\containers\setting_screenontime_selectedBase.hpp">
      <Filter>Header Files\generated\gui_generated\containers</Filter>
    </ClInclude>
    <ClInclude Include="..\..\gui\include\gui\settingscreen_screen\SettingScreenPresenter.hpp">
      <Filter>Header Files\gui\settingscreen_screen</Filter>
    </ClInclude>
    <ClInclude Include="..\..\gui\include\gui\settingscreen_screen\SettingScreenView.hpp">
      <Filter>Header Files\gui\settingscreen_screen</Filter>
    </ClInclude>
    <ClInclude Include="..\..\gui\include\gui\sleepscreen_screen\SleepScreenPresenter.hpp">
      <Filter>Header Files\gui\sleepscreen_screen</Filter>
    </ClInclude>
    <ClInclude Include="..\..\gui\include\gui\sleepscreen_screen\SleepScreenView.hpp">
      <Filter>Header Files\gui\sleepscreen_screen</Filter>
    </ClInclude>
    <ClInclude Include="..\..\gui\include\gui\sos_alert_screen\sos_alertPresenter.hpp">
      <Filter>Header Files\gui\sos_alert_screen</Filter>
    </ClInclude>
    <ClInclude Include="..\..\gui\include\gui\soundnhapticssetting_screen\soundnhapticsSettingPresenter.hpp">
      <Filter>Header Files\gui\soundnhapticssetting_screen</Filter>
    </ClInclude>
    <ClInclude Include="..\..\gui\include\gui\soundnhapticssetting_screen\soundnhapticsSettingView.hpp">
      <Filter>Header Files\gui\soundnhapticssetting_screen</Filter>
    </ClInclude>
    <ClInclude Include="..\..\gui\include\gui\spo2detail_screen\Spo2DetailPresenter.hpp">
      <Filter>Header Files\gui\spo2detail_screen</Filter>
    </ClInclude>
    <ClInclude Include="..\..\gui\include\gui\spo2detail_screen\Spo2DetailView.hpp">
      <Filter>Header Files\gui\spo2detail_screen</Filter>
    </ClInclude>
    <ClInclude Include="..\..\gui\include\gui\spo2screen_screen\Spo2ScreenPresenter.hpp">
      <Filter>Header Files\gui\spo2screen_screen</Filter>
    </ClInclude>
    <ClInclude Include="..\..\gui\include\gui\spo2screen_screen\Spo2ScreenView.hpp">
      <Filter>Header Files\gui\spo2screen_screen</Filter>
    </ClInclude>
    <ClInclude Include="..\..\gui\include\gui\stepsscreen_screen\StepsScreenPresenter.hpp">
      <Filter>Header Files\gui\stepsscreen_screen</Filter>
    </ClInclude>
    <ClInclude Include="..\..\gui\include\gui\stepsscreen_screen\StepsScreenView.hpp">
      <Filter>Header Files\gui\stepsscreen_screen</Filter>
    </ClInclude>
    <ClInclude Include="..\..\gui\include\gui\swipedownfromhome_screen\swipedownfromHomePresenter.hpp">
      <Filter>Header Files\gui\swipedownfromhome_screen</Filter>
    </ClInclude>
    <ClInclude Include="..\..\gui\include\gui\swipedownfromhome_screen\swipedownfromHomeView.hpp">
      <Filter>Header Files\gui\swipedownfromhome_screen</Filter>
    </ClInclude>
    <ClInclude Include="..\..\gui\include\gui\systemsetting_screen\systemSettingPresenter.hpp">
      <Filter>Header Files\gui\systemsetting_screen</Filter>
    </ClInclude>
    <ClInclude Include="..\..\gui\include\gui\systemsetting_screen\systemSettingView.hpp">
      <Filter>Header Files\gui\systemsetting_screen</Filter>
    </ClInclude>
    <ClInclude Include="..\..\gui\include\gui\temphome_screen\tempHomePresenter.hpp">
      <Filter>Header Files\gui\temphome_screen</Filter>
    </ClInclude>
    <ClInclude Include="..\..\gui\include\gui\uncharging_screen_screen\unCharging_screenPresenter.hpp">
      <Filter>Header Files\gui\uncharging_screen_screen</Filter>
    </ClInclude>
    <ClInclude Include="..\..\gui\include\gui\containers\setting_stimul_strength_notselected.hpp">
      <Filter>Header Files\gui\containers</Filter>
    </ClInclude>
    <ClInclude Include="..\..\generated\gui_generated\include\gui_generated\containers\setting_stimul_strength_notselectedBase.hpp">
      <Filter>Header Files\generated\gui_generated\containers</Filter>
    </ClInclude>
    <ClInclude Include="..\..\gui\include\gui\containers\setting_stimul_strength_selected.hpp">
      <Filter>Header Files\gui\containers</Filter>
    </ClInclude>
    <ClInclude Include="..\..\generated\gui_generated\include\gui_generated\containers\setting_stimul_strength_selectedBase.hpp">
      <Filter>Header Files\generated\gui_generated\containers</Filter>
    </ClInclude>
    <ClInclude Include="..\..\gui\include\gui\containers\setting_stimul_time_notselected.hpp">
      <Filter>Header Files\gui\containers</Filter>
    </ClInclude>
    <ClInclude Include="..\..\generated\gui_generated\include\gui_generated\containers\setting_stimul_time_notselectedBase.hpp">
      <Filter>Header Files\generated\gui_generated\containers</Filter>
    </ClInclude>
    <ClInclude Include="..\..\gui\include\gui\containers\setting_stimul_time_selected.hpp">
      <Filter>Header Files\gui\containers</Filter>
    </ClInclude>
    <ClInclude Include="..\..\generated\gui_generated\include\gui_generated\containers\setting_stimul_time_selectedBase.hpp">
      <Filter>Header Files\generated\gui_generated\containers</Filter>
    </ClInclude>
    <ClInclude Include="..\..\gui\include\gui\screen1_1_screen\Screen1_1Presenter.hpp">
      <Filter>Header Files\gui\screen1_1_screen</Filter>
    </ClInclude>
    <ClInclude Include="..\..\gui\include\gui\screen1_1_screen\Screen1_1View.hpp">
      <Filter>Header Files\gui\screen1_1_screen</Filter>
    </ClInclude>
    <ClInclude Include="..\..\generated\gui_generated\include\gui_generated\screen1_1_screen\Screen1_1ViewBase.hpp">
      <Filter>Header Files\generated\gui_generated\screen1_1_screen</Filter>
    </ClInclude>
    <ClInclude Include="..\..\gui\include\gui\screen1_screen\Screen1Presenter.hpp">
      <Filter>Header Files\gui\screen1_screen</Filter>
    </ClInclude>
    <ClInclude Include="..\..\gui\include\gui\screen1_screen\Screen1View.hpp">
      <Filter>Header Files\gui\screen1_screen</Filter>
    </ClInclude>
    <ClInclude Include="..\..\generated\gui_generated\include\gui_generated\screen1_screen\Screen1ViewBase.hpp">
      <Filter>Header Files\generated\gui_generated\screen1_screen</Filter>
    </ClInclude>
  </ItemGroup>
  <ItemGroup>
    <ResourceCompile Include="$(ApplicationRoot)\generated\simulator\touchgfx.rc">
      <Filter>Resource Files</Filter>
    </ResourceCompile>
  </ItemGroup>
</Project>
